
Microsoft Visual Studio Solution File, Format Version 12.00
# Visual Studio 14
VisualStudioVersion = 14.0.23107.0
MinimumVisualStudioVersion = 10.0.40219.1
Project("{FAE04EC0-301F-11D3-BF4B-00C04F79EFBC}") = "Teht1", "Teht1\Teht1.csproj", "{1370FEE7-BE1E-4905-970E-3720B70FAFE7}"
EndProject
Project("{FAE04EC0-301F-11D3-BF4B-00C04F79EFBC}") = "Teht2", "Teht2\Teht2.csproj", "{C7B72B54-1F80-4E90-BD15-E049F8606332}"
EndProject
Project("{FAE04EC0-301F-11D3-BF4B-00C04F79EFBC}") = "Teht3", "Teht3\Teht3.csproj", "{2677BA21-5CDC-42B8-AADC-48353179DFF1}"
EndProject
Project("{FAE04EC0-301F-11D3-BF4B-00C04F79EFBC}") = "Teht4", "Teht4\Teht4.csproj", "{497472E0-4468-4678-A3FA-EA4C1B98F21E}"
EndProject
Project("{FAE04EC0-301F-11D3-BF4B-00C04F79EFBC}") = "Teht5", "Teht5\Teht5.csproj", "{56C1AF0E-0D14-4D6D-8E63-31CB068EA9D7}"
EndProject
Global
	GlobalSection(SolutionConfigurationPlatforms) = preSolution
		Debug|Any CPU = Debug|Any CPU
		Release|Any CPU = Release|Any CPU
	EndGlobalSection
	GlobalSection(ProjectConfigurationPlatforms) = postSolution
		{1370FEE7-BE1E-4905-970E-3720B70FAFE7}.Debug|Any CPU.ActiveCfg = Debug|Any CPU
		{1370FEE7-BE1E-4905-970E-3720B70FAFE7}.Debug|Any CPU.Build.0 = Debug|Any CPU
		{1370FEE7-BE1E-4905-970E-3720B70FAFE7}.Release|Any CPU.ActiveCfg = Release|Any CPU
		{1370FEE7-BE1E-4905-970E-3720B70FAFE7}.Release|Any CPU.Build.0 = Release|Any CPU
		{C7B72B54-1F80-4E90-BD15-E049F8606332}.Debug|Any CPU.ActiveCfg = Debug|Any CPU
		{C7B72B54-1F80-4E90-BD15-E049F8606332}.Debug|Any CPU.Build.0 = Debug|Any CPU
		{C7B72B54-1F80-4E90-BD15-E049F8606332}.Release|Any CPU.ActiveCfg = Release|Any CPU
		{C7B72B54-1F80-4E90-BD15-E049F8606332}.Release|Any CPU.Build.0 = Release|Any CPU
		{2677BA21-5CDC-42B8-AADC-48353179DFF1}.Debug|Any CPU.ActiveCfg = Debug|Any CPU
		{2677BA21-5CDC-42B8-AADC-48353179DFF1}.Debug|Any CPU.Build.0 = Debug|Any CPU
		{2677BA21-5CDC-42B8-AADC-48353179DFF1}.Release|Any CPU.ActiveCfg = Release|Any CPU
		{2677BA21-5CDC-42B8-AADC-48353179DFF1}.Release|Any CPU.Build.0 = Release|Any CPU
		{497472E0-4468-4678-A3FA-EA4C1B98F21E}.Debug|Any CPU.ActiveCfg = Debug|Any CPU
		{497472E0-4468-4678-A3FA-EA4C1B98F21E}.Debug|Any CPU.Build.0 = Debug|Any CPU
		{497472E0-4468-4678-A3FA-EA4C1B98F21E}.Release|Any CPU.ActiveCfg = Release|Any CPU
		{497472E0-4468-4678-A3FA-EA4C1B98F21E}.Release|Any CPU.Build.0 = Release|Any CPU
		{56C1AF0E-0D14-4D6D-8E63-31CB068EA9D7}.Debug|Any CPU.ActiveCfg = Debug|Any CPU
		{56C1AF0E-0D14-4D6D-8E63-31CB068EA9D7}.Debug|Any CPU.Build.0 = Debug|Any CPU
		{56C1AF0E-0D14-4D6D-8E63-31CB068EA9D7}.Release|Any CPU.ActiveCfg = Release|Any CPU
		{56C1AF0E-0D14-4D6D-8E63-31CB068EA9D7}.Release|Any CPU.Build.0 = Release|Any CPU
	EndGlobalSection
	GlobalSection(SolutionProperties) = preSolution
		HideSolutionNode = FALSE
	EndGlobalSection
EndGlobal
